# This file is @generated by PDM.
# It is not intended for manual editing.

[metadata]
groups = ["default", "dev"]
strategy = ["inherit_metadata"]
lock_version = "4.5.0"
content_hash = "sha256:d8eef56edab62b9569e512308f46995f01618f4174c6ff56e2767081cf93431e"

[[metadata.targets]]
requires_python = "==3.12.*"
